
Microsoft Visual Studio Solution File, Format Version 12.00
# Visual Studio Version 16
VisualStudioVersion = 16.0.30114.105
MinimumVisualStudioVersion = 10.0.40219.1
Project("{FAE04EC0-301F-11D3-BF4B-00C04F79EFBC}") = "demo81", "demo81\demo81.csproj", "{B24F057B-DF6D-4243-8931-8AF9EC20C647}"
EndProject
Global
	GlobalSection(SolutionConfigurationPlatforms) = preSolution
		Debug|Any CPU = Debug|Any CPU
		Release|Any CPU = Release|Any CPU
	EndGlobalSection
	GlobalSection(ProjectConfigurationPlatforms) = postSolution
		{B24F057B-DF6D-4243-8931-8AF9EC20C647}.Debug|Any CPU.ActiveCfg = Debug|Any CPU
		{B24F057B-DF6D-4243-8931-8AF9EC20C647}.Debug|Any CPU.Build.0 = Debug|Any CPU
		{B24F057B-DF6D-4243-8931-8AF9EC20C647}.Release|Any CPU.ActiveCfg = Release|Any CPU
		{B24F057B-DF6D-4243-8931-8AF9EC20C647}.Release|Any CPU.Build.0 = Release|Any CPU
	EndGlobalSection
	GlobalSection(SolutionProperties) = preSolution
		HideSolutionNode = FALSE
	EndGlobalSection
	GlobalSection(ExtensibilityGlobals) = postSolution
		SolutionGuid = {E4600E07-1505-4C86-B9E3-3B3A4F04ED67}
	EndGlobalSection
EndGlobal
